{
    "_readme": [
        "This file locks the dependencies of your project to a known state",
        "Read more about it at https://getcomposer.org/doc/01-basic-usage.md#composer-lock-the-lock-file",
        "This file is @generated automatically"
    ],
    "hash": "cbf13ffec17895f4956366f0d4eb49d5",
    "content-hash": "f610bd4a6385e589d16bab5cc3b851b5",
    "packages": [
        {
            "name": "shampeak/wise",
            "version": "dev-master",
            "source": {
                "type": "git",
                "url": "https://github.com/shampeak/wise.git",
                "reference": "9dc95cb652b49813b32d5e94960b5456a8c97d7c"
            },
            "dist": {
                "type": "zip",
                "url": "http://packagist.phpcomposer.com/files/shampeak/wise/9dc95cb652b49813b32d5e94960b5456a8c97d7c.zip",
                "reference": "9dc95cb652b49813b32d5e94960b5456a8c97d7c",
                "shasum": ""
            },
            "require": {
                "php": ">=5.4.9"
            },
            "type": "library",
            "autoload": {
                "psr-4": {
                    "wise\\": "src\\"
                }
            },
            "notification-url": "https://packagist.org/downloads/",
            "license": [
                "MIT"
            ],
            "authors": [
                {
                    "name": "shampeak",
                    "email": "shampeak@sina.com.cn"
                }
            ],
            "description": "dev",
            "time": "2015-11-10 05:55:13"
        }
    ],
    "packages-dev": [],
    "aliases": [],
    "minimum-stability": "stable",
    "stability-flags": {
        "shampeak/wise": 20
    },
    "prefer-stable": false,
    "prefer-lowest": false,
    "platform": {
        "php": ">=5.4.9"
    },
    "platform-dev": []
}
