{
    "_readme": [
        "This file locks the dependencies of your project to a known state",
        "Read more about it at https://getcomposer.org/doc/01-basic-usage.md#composer-lock-the-lock-file",
        "This file is @generated automatically"
    ],
    "hash": "a27c9b3b4bc8c7b4870095a7989a8f87",
    "content-hash": "f610bd4a6385e589d16bab5cc3b851b5",
    "packages": [
        {
            "name": "shampeak/wise",
            "version": "dev-master",
            "source": {
                "type": "git",
                "url": "https://github.com/shampeak/wise.git",
                "reference": "708aae06feab350cf231e57db52c58267d1bb9e6"
            },
            "dist": {
                "type": "zip",
                "url": "http://packagist.phpcomposer.com/files/shampeak/wise/708aae06feab350cf231e57db52c58267d1bb9e6.zip",
                "reference": "708aae06feab350cf231e57db52c58267d1bb9e6",
                "shasum": ""
            },
            "require": {
                "php": ">=5.4.9"
            },
            "type": "library",
            "autoload": {
                "psr-4": {
                    "Sham\\wise\\": "src"
                }
            },
            "notification-url": "https://packagist.org/downloads/",
            "license": [
                "MIT"
            ],
            "authors": [
                {
                    "name": "shampeak",
                    "email": "shampeak@sina.com.cn"
                }
            ],
            "description": "dev",
            "time": "2015-11-16 09:42:33"
        }
    ],
    "packages-dev": [],
    "aliases": [],
    "minimum-stability": "stable",
    "stability-flags": {
        "shampeak/wise": 20
    },
    "prefer-stable": false,
    "prefer-lowest": false,
    "platform": {
        "php": ">=5.4.9"
    },
    "platform-dev": []
}
